// !$*UTF8*$!
{
	archiveVersion = 1;
	classes = {
	};
	objectVersion = 50;
	objects = {

/* Begin PBXBuildFile section */
		3EE6289921A34C60004FDE6A /* AppDelegate.swift in Sources */ = {isa = PBXBuildFile; fileRef = 3EE6289821A34C60004FDE6A /* AppDelegate.swift */; };
		3EE6289E21A34C60004FDE6A /* Main.storyboard in Resources */ = {isa = PBXBuildFile; fileRef = 3EE6289C21A34C60004FDE6A /* Main.storyboard */; };
		3EE628A021A34C61004FDE6A /* Assets.xcassets in Resources */ = {isa = PBXBuildFile; fileRef = 3EE6289F21A34C61004FDE6A /* Assets.xcassets */; };
		3EE628A321A34C61004FDE6A /* LaunchScreen.storyboard in Resources */ = {isa = PBXBuildFile; fileRef = 3EE628A121A34C61004FDE6A /* LaunchScreen.storyboard */; };
		3EE628AD21A34E56004FDE6A /* MainViewController.swift in Sources */ = {isa = PBXBuildFile; fileRef = 3EE628AC21A34E56004FDE6A /* MainViewController.swift */; };
		3EE628AF21A351B0004FDE6A /* CoreLocationManager.swift in Sources */ = {isa = PBXBuildFile; fileRef = 3EE628AE21A351B0004FDE6A /* CoreLocationManager.swift */; };
		3EE628B121A357EE004FDE6A /* Extensions.swift in Sources */ = {isa = PBXBuildFile; fileRef = 3EE628B021A357EE004FDE6A /* Extensions.swift */; };
/* End PBXBuildFile section */

/* Begin PBXFileReference section */
		3EE6289521A34C60004FDE6A /* Strava1.0.app */ = {isa = PBXFileReference; explicitFileType = wrapper.application; includeInIndex = 0; path = Strava1.0.app; sourceTree = BUILT_PRODUCTS_DIR; };
		3EE6289821A34C60004FDE6A /* AppDelegate.swift */ = {isa = PBXFileReference; lastKnownFileType = sourcecode.swift; path = AppDelegate.swift; sourceTree = "<group>"; };
		3EE6289D21A34C60004FDE6A /* Base */ = {isa = PBXFileReference; lastKnownFileType = file.storyboard; name = Base; path = Base.lproj/Main.storyboard; sourceTree = "<group>"; };
		3EE6289F21A34C61004FDE6A /* Assets.xcassets */ = {isa = PBXFileReference; lastKnownFileType = folder.assetcatalog; path = Assets.xcassets; sourceTree = "<group>"; };
		3EE628A221A34C61004FDE6A /* Base */ = {isa = PBXFileReference; lastKnownFileType = file.storyboard; name = Base; path = Base.lproj/LaunchScreen.storyboard; sourceTree = "<group>"; };
		3EE628A421A34C61004FDE6A /* Info.plist */ = {isa = PBXFileReference; lastKnownFileType = text.plist.xml; path = Info.plist; sourceTree = "<group>"; };
		3EE628AC21A34E56004FDE6A /* MainViewController.swift */ = {isa = PBXFileReference; lastKnownFileType = sourcecode.swift; path = MainViewController.swift; sourceTree = "<group>"; };
		3EE628AE21A351B0004FDE6A /* CoreLocationManager.swift */ = {isa = PBXFileReference; lastKnownFileType = sourcecode.swift; path = CoreLocationManager.swift; sourceTree = "<group>"; };
		3EE628B021A357EE004FDE6A /* Extensions.swift */ = {isa = PBXFileReference; lastKnownFileType = sourcecode.swift; path = Extensions.swift; sourceTree = "<group>"; };
/* End PBXFileReference section */

/* Begin PBXFrameworksBuildPhase section */
		3EE6289221A34C60004FDE6A /* Frameworks */ = {
			isa = PBXFrameworksBuildPhase;
			buildActionMask = 2147483647;
			files = (
			);
			runOnlyForDeploymentPostprocessing = 0;
		};
/* End PBXFrameworksBuildPhase section */

/* Begin PBXGroup section */
		3EE6288C21A34C5F004FDE6A = {
			isa = PBXGroup;
			children = (
				3EE6289721A34C60004FDE6A /* Strava1.0 */,
				3EE6289621A34C60004FDE6A /* Products */,
			);
			sourceTree = "<group>";
		};
		3EE6289621A34C60004FDE6A /* Products */ = {
			isa = PBXGroup;
			children = (
				3EE6289521A34C60004FDE6A /* Strava1.0.app */,
			);
			name = Products;
			sourceTree = "<group>";
		};
		3EE6289721A34C60004FDE6A /* Strava1.0 */ = {
			isa = PBXGroup;
			children = (
				3EE6289821A34C60004FDE6A /* AppDelegate.swift */,
				3EE6289C21A34C60004FDE6A /* Main.storyboard */,
				3EE628A121A34C61004FDE6A /* LaunchScreen.storyboard */,
				3EE628B221A35A05004FDE6A /* Resources */,
				3EE628A421A34C61004FDE6A /* Info.plist */,
				3EE628AC21A34E56004FDE6A /* MainViewController.swift */,
				3EE628AE21A351B0004FDE6A /* CoreLocationManager.swift */,
				3EE628B021A357EE004FDE6A /* Extensions.swift */,
			);
			path = Strava1.0;
			sourceTree = "<group>";
		};
		3EE628B221A35A05004FDE6A /* Resources */ = {
			isa = PBXGroup;
			children = (
				3EE6289F21A34C61004FDE6A /* Assets.xcassets */,
			);
			path = Resources;
			sourceTree = "<group>";
		};
/* End PBXGroup section */

/* Begin PBXNativeTarget section */
		3EE6289421A34C60004FDE6A /* Strava1.0 */ = {
			isa = PBXNativeTarget;
			buildConfigurationList = 3EE628A721A34C61004FDE6A /* Build configuration list for PBXNativeTarget "Strava1.0" */;
			buildPhases = (
				3EE6289121A34C60004FDE6A /* Sources */,
				3EE6289221A34C60004FDE6A /* Frameworks */,
				3EE6289321A34C60004FDE6A /* Resources */,
			);
			buildRules = (
			);
			dependencies = (
			);
			name = Strava1.0;
			productName = Strava1.0;
			productReference = 3EE6289521A34C60004FDE6A /* Strava1.0.app */;
			productType = "com.apple.product-type.application";
		};
/* End PBXNativeTarget section */

/* Begin PBXProject section */
		3EE6288D21A34C5F004FDE6A /* Project object */ = {
			isa = PBXProject;
			attributes = {
				LastSwiftUpdateCheck = 1010;
				LastUpgradeCheck = 1010;
				ORGANIZATIONNAME = "Owen Henley";
				TargetAttributes = {
					3EE6289421A34C60004FDE6A = {
						CreatedOnToolsVersion = 10.1;
					};
				};
			};
			buildConfigurationList = 3EE6289021A34C5F004FDE6A /* Build configuration list for PBXProject "Strava1.0" */;
			compatibilityVersion = "Xcode 9.3";
			developmentRegion = en;
			hasScannedForEncodings = 0;
			knownRegions = (
				en,
				Base,
			);
			mainGroup = 3EE6288C21A34C5F004FDE6A;
			productRefGroup = 3EE6289621A34C60004FDE6A /* Products */;
			projectDirPath = "";
			projectRoot = "";
			targets = (
				3EE6289421A34C60004FDE6A /* Strava1.0 */,
			);
		};
/* End PBXProject section */

/* Begin PBXResourcesBuildPhase section */
		3EE6289321A34C60004FDE6A /* Resources */ = {
			isa = PBXResourcesBuildPhase;
			buildActionMask = 2147483647;
			files = (
				3EE628A321A34C61004FDE6A /* LaunchScreen.storyboard in Resources */,
				3EE628A021A34C61004FDE6A /* Assets.xcassets in Resources */,
				3EE6289E21A34C60004FDE6A /* Main.storyboard in Resources */,
			);
			runOnlyForDeploymentPostprocessing = 0;
		};
/* End PBXResourcesBuildPhase section */

/* Begin PBXSourcesBuildPhase section */
		3EE6289121A34C60004FDE6A /* Sources */ = {
			isa = PBXSourcesBuildPhase;
			buildActionMask = 2147483647;
			files = (
				3EE6289921A34C60004FDE6A /* AppDelegate.swift in Sources */,
				3EE628AD21A34E56004FDE6A /* MainViewController.swift in Sources */,
				3EE628AF21A351B0004FDE6A /* CoreLocationManager.swift in Sources */,
				3EE628B121A357EE004FDE6A /* Extensions.swift in Sources */,
			);
			runOnlyForDeploymentPostprocessing = 0;
		};
/* End PBXSourcesBuildPhase section */

/* Begin PBXVariantGroup section */
		3EE6289C21A34C60004FDE6A /* Main.storyboard */ = {
			isa = PBXVariantGroup;
			children = (
				3EE6289D21A34C60004FDE6A /* Base */,
			);
			name = Main.storyboard;
			sourceTree = "<group>";
		};
		3EE628A121A34C61004FDE6A /* LaunchScreen.storyboard */ = {
			isa = PBXVariantGroup;
			children = (
				3EE628A221A34C61004FDE6A /* Base */,
			);
			name = LaunchScreen.storyboard;
			sourceTree = "<group>";
		};
/* End PBXVariantGroup section */

/* Begin XCBuildConfiguration section */
		3EE628A521A34C61004FDE6A /* Debug */ = {
			isa = XCBuildConfiguration;
			buildSettings = {
				ALWAYS_SEARCH_USER_PATHS = NO;
				CLANG_ANALYZER_NONNULL = YES;
				CLANG_ANALYZER_NUMBER_OBJECT_CONVERSION = YES_AGGRESSIVE;
				CLANG_CXX_LANGUAGE_STANDARD = "gnu++14";
				CLANG_CXX_LIBRARY = "libc++";
				CLANG_ENABLE_MODULES = YES;
				CLANG_ENABLE_OBJC_ARC = YES;
				CLANG_ENABLE_OBJC_WEAK = YES;
				CLANG_WARN_BLOCK_CAPTURE_AUTORELEASING = YES;
				CLANG_WARN_BOOL_CONVERSION = YES;
				CLANG_WARN_COMMA = YES;
				CLANG_WARN_CONSTANT_CONVERSION = YES;
				CLANG_WARN_DEPRECATED_OBJC_IMPLEMENTATIONS = YES;
				CLANG_WARN_DIRECT_OBJC_ISA_USAGE = YES_ERROR;
				CLANG_WARN_DOCUMENTATION_COMMENTS = YES;
				CLANG_WARN_EMPTY_BODY = YES;
				CLANG_WARN_ENUM_CONVERSION = YES;
				CLANG_WARN_INFINITE_RECURSION = YES;
				CLANG_WARN_INT_CONVERSION = YES;
				CLANG_WARN_NON_LITERAL_NULL_CONVERSION = YES;
				CLANG_WARN_OBJC_IMPLICIT_RETAIN_SELF = YES;
				CLANG_WARN_OBJC_LITERAL_CONVERSION = YES;
				CLANG_WARN_OBJC_ROOT_CLASS = YES_ERROR;
				CLANG_WARN_RANGE_LOOP_ANALYSIS = YES;
				CLANG_WARN_STRICT_PROTOTYPES = YES;
				CLANG_WARN_SUSPICIOUS_MOVE = YES;
				CLANG_WARN_UNGUARDED_AVAILABILITY = YES_AGGRESSIVE;
				CLANG_WARN_UNREACHABLE_CODE = YES;
				CLANG_WARN__DUPLICATE_METHOD_MATCH = YES;
				CODE_SIGN_IDENTITY = "iPhone Developer";
				COPY_PHASE_STRIP = NO;
				DEBUG_INFORMATION_FORMAT = dwarf;
				ENABLE_STRICT_OBJC_MSGSEND = YES;
				ENABLE_TESTABILITY = YES;
				GCC_C_LANGUAGE_STANDARD = gnu11;
				GCC_DYNAMIC_NO_PIC = NO;
				GCC_NO_COMMON_BLOCKS = YES;
				GCC_OPTIMIZATION_LEVEL = 0;
				GCC_PREPROCESSOR_DEFINITIONS = (
					"DEBUG=1",
					"$(inherited)",
				);
				GCC_WARN_64_TO_32_BIT_CONVERSION = YES;
				GCC_WARN_ABOUT_RETURN_TYPE = YES_ERROR;
				GCC_WARN_UNDECLARED_SELECTOR = YES;
				GCC_WARN_UNINITIALIZED_AUTOS = YES_AGGRESSIVE;
				GCC_WARN_UNUSED_FUNCTION = YES;
				GCC_WARN_UNUSED_VARIABLE = YES;
				IPHONEOS_DEPLOYMENT_TARGET = 12.1;
				MTL_ENABLE_DEBUG_INFO = INCLUDE_SOURCE;
				MTL_FAST_MATH = YES;
				ONLY_ACTIVE_ARCH = YES;
				SDKROOT = iphoneos;
				SWIFT_ACTIVE_COMPILATION_CONDITIONS = DEBUG;
				SWIFT_OPTIMIZATION_LEVEL = "-Onone";
			};
			name = Debug;
		};
		3EE628A621A34C61004FDE6A /* Release */ = {
			isa = XCBuildConfiguration;
			buildSettings = {
				ALWAYS_SEARCH_USER_PATHS = NO;
				CLANG_ANALYZER_NONNULL = YES;
				CLANG_ANALYZER_NUMBER_OBJECT_CONVERSION = YES_AGGRESSIVE;
				CLANG_CXX_LANGUAGE_STANDARD = "gnu++14";
				CLANG_CXX_LIBRARY = "libc++";
				CLANG_ENABLE_MODULES = YES;
				CLANG_ENABLE_OBJC_ARC = YES;
				CLANG_ENABLE_OBJC_WEAK = YES;
				CLANG_WARN_BLOCK_CAPTURE_AUTORELEASING = YES;
				CLANG_WARN_BOOL_CONVERSION = YES;
				CLANG_WARN_COMMA = YES;
				CLANG_WARN_CONSTANT_CONVERSION = YES;
				CLANG_WARN_DEPRECATED_OBJC_IMPLEMENTATIONS = YES;
				CLANG_WARN_DIRECT_OBJC_ISA_USAGE = YES_ERROR;
				CLANG_WARN_DOCUMENTATION_COMMENTS = YES;
				CLANG_WARN_EMPTY_BODY = YES;
				CLANG_WARN_ENUM_CONVERSION = YES;
				CLANG_WARN_INFINITE_RECURSION = YES;
				CLANG_WARN_INT_CONVERSION = YES;
				CLANG_WARN_NON_LITERAL_NULL_CONVERSION = YES;
				CLANG_WARN_OBJC_IMPLICIT_RETAIN_SELF = YES;
				CLANG_WARN_OBJC_LITERAL_CONVERSION = YES;
				CLANG_WARN_OBJC_ROOT_CLASS = YES_ERROR;
				CLANG_WARN_RANGE_LOOP_ANALYSIS = YES;
				CLANG_WARN_STRICT_PROTOTYPES = YES;
				CLANG_WARN_SUSPICIOUS_MOVE = YES;
				CLANG_WARN_UNGUARDED_AVAILABILITY = YES_AGGRESSIVE;
				CLANG_WARN_UNREACHABLE_CODE = YES;
				CLANG_WARN__DUPLICATE_METHOD_MATCH = YES;
				CODE_SIGN_IDENTITY = "iPhone Developer";
				COPY_PHASE_STRIP = NO;
				DEBUG_INFORMATION_FORMAT = "dwarf-with-dsym";
				ENABLE_NS_ASSERTIONS = NO;
				ENABLE_STRICT_OBJC_MSGSEND = YES;
				GCC_C_LANGUAGE_STANDARD = gnu11;
				GCC_NO_COMMON_BLOCKS = YES;
				GCC_WARN_64_TO_32_BIT_CONVERSION = YES;
				GCC_WARN_ABOUT_RETURN_TYPE = YES_ERROR;
				GCC_WARN_UNDECLARED_SELECTOR = YES;
				GCC_WARN_UNINITIALIZED_AUTOS = YES_AGGRESSIVE;
				GCC_WARN_UNUSED_FUNCTION = YES;
				GCC_WARN_UNUSED_VARIABLE = YES;
				IPHONEOS_DEPLOYMENT_TARGET = 12.1;
				MTL_ENABLE_DEBUG_INFO = NO;
				MTL_FAST_MATH = YES;
				SDKROOT = iphoneos;
				SWIFT_COMPILATION_MODE = wholemodule;
				SWIFT_OPTIMIZATION_LEVEL = "-O";
				VALIDATE_PRODUCT = YES;
			};
			name = Release;
		};
		3EE628A821A34C61004FDE6A /* Debug */ = {
			isa = XCBuildConfiguration;
			buildSettings = {
				ASSETCATALOG_COMPILER_APPICON_NAME = AppIcon;
				CODE_SIGN_STYLE = Automatic;
				DEVELOPMENT_TEAM = CYZA2EE6W8;
				INFOPLIST_FILE = Strava1.0/Info.plist;
				LD_RUNPATH_SEARCH_PATHS = (
					"$(inherited)",
					"@executable_path/Frameworks",
				);
				PRODUCT_BUNDLE_IDENTIFIER = "io.owenhenley.Strava1-0";
				PRODUCT_NAME = "$(TARGET_NAME)";
				SWIFT_VERSION = 4.2;
				TARGETED_DEVICE_FAMILY = "1,2";
			};
			name = Debug;
		};
		3EE628A921A34C61004FDE6A /* Release */ = {
			isa = XCBuildConfiguration;
			buildSettings = {
				ASSETCATALOG_COMPILER_APPICON_NAME = AppIcon;
				CODE_SIGN_STYLE = Automatic;
				DEVELOPMENT_TEAM = CYZA2EE6W8;
				INFOPLIST_FILE = Strava1.0/Info.plist;
				LD_RUNPATH_SEARCH_PATHS = (
					"$(inherited)",
					"@executable_path/Frameworks",
				);
				PRODUCT_BUNDLE_IDENTIFIER = "io.owenhenley.Strava1-0";
				PRODUCT_NAME = "$(TARGET_NAME)";
				SWIFT_VERSION = 4.2;
				TARGETED_DEVICE_FAMILY = "1,2";
			};
			name = Release;
		};
/* End XCBuildConfiguration section */

/* Begin XCConfigurationList section */
		3EE6289021A34C5F004FDE6A /* Build configuration list for PBXProject "Strava1.0" */ = {
			isa = XCConfigurationList;
			buildConfigurations = (
				3EE628A521A34C61004FDE6A /* Debug */,
				3EE628A621A34C61004FDE6A /* Release */,
			);
			defaultConfigurationIsVisible = 0;
			defaultConfigurationName = Release;
		};
		3EE628A721A34C61004FDE6A /* Build configuration list for PBXNativeTarget "Strava1.0" */ = {
			isa = XCConfigurationList;
			buildConfigurations = (
				3EE628A821A34C61004FDE6A /* Debug */,
				3EE628A921A34C61004FDE6A /* Release */,
			);
			defaultConfigurationIsVisible = 0;
			defaultConfigurationName = Release;
		};
/* End XCConfigurationList section */
	};
	rootObject = 3EE6288D21A34C5F004FDE6A /* Project object */;
}
